
Microsoft Visual Studio Solution File, Format Version 12.00
# Visual Studio 14
VisualStudioVersion = 14.0.25420.1
MinimumVisualStudioVersion = 10.0.40219.1
Project("{FAE04EC0-301F-11D3-BF4B-00C04F79EFBC}") = "AcsViewer", "AcsViewer.csproj", "{8978340D-60B5-4C0F-9FA7-81EDA4A60D46}"
EndProject
Project("{FAE04EC0-301F-11D3-BF4B-00C04F79EFBC}") = "AcsLib", "AcsLib\AcsLib.csproj", "{ABF8DE46-EC85-4B96-A70D-CF01742260CB}"
EndProject
Project("{2150E333-8FDC-42A3-9474-1A3956D46DE8}") = "Solution Items", "Solution Items", "{443F9F8C-72F1-4123-965E-2F392E13565C}"
	ProjectSection(SolutionItems) = preProject
		AcsViewer.vsmdi = AcsViewer.vsmdi
		CustomDictionary.xml = CustomDictionary.xml
		Local.testsettings = Local.testsettings
		ReadMe.txt = ReadMe.txt
		TraceAndTestImpact.testsettings = TraceAndTestImpact.testsettings
	EndProjectSection
EndProject
Project("{FAE04EC0-301F-11D3-BF4B-00C04F79EFBC}") = "AcsLibTest", "AcsLibTest\AcsLibTest.csproj", "{6149F7CB-006E-489C-B797-2DFDDE2F6EA9}"
EndProject
Project("{2150E333-8FDC-42A3-9474-1A3956D46DE8}") = "Unit Test Metrics", "Unit Test Metrics", "{EB887036-27F8-4CBB-A83C-FDC740C00963}"
	ProjectSection(SolutionItems) = preProject
		RunOpenCover.bat = RunOpenCover.bat
	EndProjectSection
EndProject
Project("{54435603-DBB4-11D2-8724-00A0C9A8B90C}") = "AcsViewerInstall", "AcsViewerInstall\AcsViewerInstall.vdproj", "{ADB46F46-9147-438D-A99C-64729DB95DBD}"
EndProject
Global
	GlobalSection(SolutionConfigurationPlatforms) = preSolution
		Debug|Any CPU = Debug|Any CPU
		Release|Any CPU = Release|Any CPU
	EndGlobalSection
	GlobalSection(ProjectConfigurationPlatforms) = postSolution
		{8978340D-60B5-4C0F-9FA7-81EDA4A60D46}.Debug|Any CPU.ActiveCfg = Debug|Any CPU
		{8978340D-60B5-4C0F-9FA7-81EDA4A60D46}.Debug|Any CPU.Build.0 = Debug|Any CPU
		{8978340D-60B5-4C0F-9FA7-81EDA4A60D46}.Release|Any CPU.ActiveCfg = Release|Any CPU
		{8978340D-60B5-4C0F-9FA7-81EDA4A60D46}.Release|Any CPU.Build.0 = Release|Any CPU
		{ABF8DE46-EC85-4B96-A70D-CF01742260CB}.Debug|Any CPU.ActiveCfg = Debug|Any CPU
		{ABF8DE46-EC85-4B96-A70D-CF01742260CB}.Debug|Any CPU.Build.0 = Debug|Any CPU
		{ABF8DE46-EC85-4B96-A70D-CF01742260CB}.Release|Any CPU.ActiveCfg = Release|Any CPU
		{ABF8DE46-EC85-4B96-A70D-CF01742260CB}.Release|Any CPU.Build.0 = Release|Any CPU
		{6149F7CB-006E-489C-B797-2DFDDE2F6EA9}.Debug|Any CPU.ActiveCfg = Debug|Any CPU
		{6149F7CB-006E-489C-B797-2DFDDE2F6EA9}.Debug|Any CPU.Build.0 = Debug|Any CPU
		{6149F7CB-006E-489C-B797-2DFDDE2F6EA9}.Release|Any CPU.ActiveCfg = Release|Any CPU
		{6149F7CB-006E-489C-B797-2DFDDE2F6EA9}.Release|Any CPU.Build.0 = Release|Any CPU
		{ADB46F46-9147-438D-A99C-64729DB95DBD}.Debug|Any CPU.ActiveCfg = Debug
		{ADB46F46-9147-438D-A99C-64729DB95DBD}.Release|Any CPU.ActiveCfg = Release
	EndGlobalSection
	GlobalSection(SolutionProperties) = preSolution
		HideSolutionNode = FALSE
	EndGlobalSection
	GlobalSection(NestedProjects) = preSolution
		{EB887036-27F8-4CBB-A83C-FDC740C00963} = {443F9F8C-72F1-4123-965E-2F392E13565C}
	EndGlobalSection
	GlobalSection(TestCaseManagementSettings) = postSolution
		CategoryFile = AcsViewer.vsmdi
	EndGlobalSection
EndGlobal
